[[package]]
name = "u-msgpack-python"
version = "2.7.2"
description = "A portable, lightweight MessagePack serializer and deserializer written in pure Python."
category = "main"
optional = false
python-versions = "*"

[metadata]
lock-version = "1.1"
python-versions = "^3.10"
content-hash = "d13cf84ceb1bd2604ad751c5a7f893f1ccf810232eab230ba3388e4c2fc57a7d"

[metadata.files]
u-msgpack-python = [
    {file = "u-msgpack-python-2.7.2.tar.gz", hash = "sha256:e86f7ac6aa0ef4c6c49f004b4fd435bce99c23e2dd5d73003f3f9816024c2bd8"},
    {file = "u_msgpack_python-2.7.2-py2.py3-none-any.whl", hash = "sha256:00c77bbb65f8f68c8bd2570e0a14dee84aba429629ea78adc713f94da52ee386"},
]
